
Microsoft Visual Studio Solution File, Format Version 12.00
# Visual Studio Version 17
VisualStudioVersion = 17.9.34728.123
MinimumVisualStudioVersion = 10.0.40219.1
Project("{FAE04EC0-301F-11D3-BF4B-00C04F79EFBC}") = "MauiGestureTest", "MauiGestureTest\MauiGestureTest.csproj", "{EB9CE30B-9260-4BDF-81B7-E1BC164BDE4B}"
EndProject
Global
	GlobalSection(SolutionConfigurationPlatforms) = preSolution
		Debug|Any CPU = Debug|Any CPU
		Release|Any CPU = Release|Any CPU
	EndGlobalSection
	GlobalSection(ProjectConfigurationPlatforms) = postSolution
		{EB9CE30B-9260-4BDF-81B7-E1BC164BDE4B}.Debug|Any CPU.ActiveCfg = Debug|Any CPU
		{EB9CE30B-9260-4BDF-81B7-E1BC164BDE4B}.Debug|Any CPU.Build.0 = Debug|Any CPU
		{EB9CE30B-9260-4BDF-81B7-E1BC164BDE4B}.Debug|Any CPU.Deploy.0 = Debug|Any CPU
		{EB9CE30B-9260-4BDF-81B7-E1BC164BDE4B}.Release|Any CPU.ActiveCfg = Release|Any CPU
		{EB9CE30B-9260-4BDF-81B7-E1BC164BDE4B}.Release|Any CPU.Build.0 = Release|Any CPU
		{EB9CE30B-9260-4BDF-81B7-E1BC164BDE4B}.Release|Any CPU.Deploy.0 = Release|Any CPU
	EndGlobalSection
	GlobalSection(SolutionProperties) = preSolution
		HideSolutionNode = FALSE
	EndGlobalSection
	GlobalSection(ExtensibilityGlobals) = postSolution
		SolutionGuid = {803DF42D-9573-46A9-B2E2-9A3ADD12DD9D}
	EndGlobalSection
EndGlobal
